// !$*UTF8*$!
{
	archiveVersion = 1;
	classes = {
	};
	objectVersion = 55;
	objects = {

/* Begin PBXBuildFile section */
		243E53BA27E18CA6002C4243 /* HoneymoonApp.swift in Sources */ = {isa = PBXBuildFile; fileRef = 243E53B927E18CA6002C4243 /* HoneymoonApp.swift */; };
		243E53BC27E18CA6002C4243 /* ContentView.swift in Sources */ = {isa = PBXBuildFile; fileRef = 243E53BB27E18CA6002C4243 /* ContentView.swift */; };
		243E53BE27E18CAA002C4243 /* Assets.xcassets in Resources */ = {isa = PBXBuildFile; fileRef = 243E53BD27E18CAA002C4243 /* Assets.xcassets */; };
		243E53C127E18CAA002C4243 /* Preview Assets.xcassets in Resources */ = {isa = PBXBuildFile; fileRef = 243E53C027E18CAA002C4243 /* Preview Assets.xcassets */; };
		243E53C927E18DF8002C4243 /* Launch Screen.storyboard in Resources */ = {isa = PBXBuildFile; fileRef = 243E53C827E18DF8002C4243 /* Launch Screen.storyboard */; };
		243E53CC27E19007002C4243 /* sound-rise.mp3 in Resources */ = {isa = PBXBuildFile; fileRef = 243E53CA27E19007002C4243 /* sound-rise.mp3 */; };
		243E53CD27E19007002C4243 /* sound-click.mp3 in Resources */ = {isa = PBXBuildFile; fileRef = 243E53CB27E19007002C4243 /* sound-click.mp3 */; };
		243E53D227E191F9002C4243 /* HoneymoonModel.swift in Sources */ = {isa = PBXBuildFile; fileRef = 243E53D127E191F9002C4243 /* HoneymoonModel.swift */; };
		243E53D427E1922C002C4243 /* HoneymoonData.swift in Sources */ = {isa = PBXBuildFile; fileRef = 243E53D327E1922C002C4243 /* HoneymoonData.swift */; };
		243E53D727E19291002C4243 /* CardView.swift in Sources */ = {isa = PBXBuildFile; fileRef = 243E53D627E19291002C4243 /* CardView.swift */; };
		243E53D927E19508002C4243 /* HeaderView.swift in Sources */ = {isa = PBXBuildFile; fileRef = 243E53D827E19508002C4243 /* HeaderView.swift */; };
		243E53DB27E19777002C4243 /* FooterView.swift in Sources */ = {isa = PBXBuildFile; fileRef = 243E53DA27E19777002C4243 /* FooterView.swift */; };
		243E53DE27E19A6C002C4243 /* HeaderComponent.swift in Sources */ = {isa = PBXBuildFile; fileRef = 243E53DD27E19A6C002C4243 /* HeaderComponent.swift */; };
		243E53E027E19B05002C4243 /* GuideComponent.swift in Sources */ = {isa = PBXBuildFile; fileRef = 243E53DF27E19B05002C4243 /* GuideComponent.swift */; };
		243E53E227E19CF9002C4243 /* GuideView.swift in Sources */ = {isa = PBXBuildFile; fileRef = 243E53E127E19CF9002C4243 /* GuideView.swift */; };
		243E53E427E1A5E6002C4243 /* InfoView.swift in Sources */ = {isa = PBXBuildFile; fileRef = 243E53E327E1A5E6002C4243 /* InfoView.swift */; };
		243E53E727E1A6CC002C4243 /* Extensions.swift in Sources */ = {isa = PBXBuildFile; fileRef = 243E53E627E1A6CC002C4243 /* Extensions.swift */; };
		24D0234E27E1C1A300614739 /* SoundPlayer.swift in Sources */ = {isa = PBXBuildFile; fileRef = 24D0234D27E1C1A300614739 /* SoundPlayer.swift */; };
/* End PBXBuildFile section */

/* Begin PBXFileReference section */
		243E53B627E18CA6002C4243 /* Honeymoon.app */ = {isa = PBXFileReference; explicitFileType = wrapper.application; includeInIndex = 0; path = Honeymoon.app; sourceTree = BUILT_PRODUCTS_DIR; };
		243E53B927E18CA6002C4243 /* HoneymoonApp.swift */ = {isa = PBXFileReference; lastKnownFileType = sourcecode.swift; path = HoneymoonApp.swift; sourceTree = "<group>"; };
		243E53BB27E18CA6002C4243 /* ContentView.swift */ = {isa = PBXFileReference; lastKnownFileType = sourcecode.swift; path = ContentView.swift; sourceTree = "<group>"; };
		243E53BD27E18CAA002C4243 /* Assets.xcassets */ = {isa = PBXFileReference; lastKnownFileType = folder.assetcatalog; path = Assets.xcassets; sourceTree = "<group>"; };
		243E53C027E18CAA002C4243 /* Preview Assets.xcassets */ = {isa = PBXFileReference; lastKnownFileType = folder.assetcatalog; path = "Preview Assets.xcassets"; sourceTree = "<group>"; };
		243E53C827E18DF8002C4243 /* Launch Screen.storyboard */ = {isa = PBXFileReference; lastKnownFileType = file.storyboard; path = "Launch Screen.storyboard"; sourceTree = "<group>"; };
		243E53CA27E19007002C4243 /* sound-rise.mp3 */ = {isa = PBXFileReference; lastKnownFileType = audio.mp3; path = "sound-rise.mp3"; sourceTree = "<group>"; };
		243E53CB27E19007002C4243 /* sound-click.mp3 */ = {isa = PBXFileReference; lastKnownFileType = audio.mp3; path = "sound-click.mp3"; sourceTree = "<group>"; };
		243E53D127E191F9002C4243 /* HoneymoonModel.swift */ = {isa = PBXFileReference; lastKnownFileType = sourcecode.swift; path = HoneymoonModel.swift; sourceTree = "<group>"; };
		243E53D327E1922C002C4243 /* HoneymoonData.swift */ = {isa = PBXFileReference; lastKnownFileType = sourcecode.swift; path = HoneymoonData.swift; sourceTree = "<group>"; };
		243E53D627E19291002C4243 /* CardView.swift */ = {isa = PBXFileReference; lastKnownFileType = sourcecode.swift; path = CardView.swift; sourceTree = "<group>"; };
		243E53D827E19508002C4243 /* HeaderView.swift */ = {isa = PBXFileReference; lastKnownFileType = sourcecode.swift; path = HeaderView.swift; sourceTree = "<group>"; };
		243E53DA27E19777002C4243 /* FooterView.swift */ = {isa = PBXFileReference; lastKnownFileType = sourcecode.swift; path = FooterView.swift; sourceTree = "<group>"; };
		243E53DD27E19A6C002C4243 /* HeaderComponent.swift */ = {isa = PBXFileReference; lastKnownFileType = sourcecode.swift; path = HeaderComponent.swift; sourceTree = "<group>"; };
		243E53DF27E19B05002C4243 /* GuideComponent.swift */ = {isa = PBXFileReference; lastKnownFileType = sourcecode.swift; path = GuideComponent.swift; sourceTree = "<group>"; };
		243E53E127E19CF9002C4243 /* GuideView.swift */ = {isa = PBXFileReference; lastKnownFileType = sourcecode.swift; path = GuideView.swift; sourceTree = "<group>"; };
		243E53E327E1A5E6002C4243 /* InfoView.swift */ = {isa = PBXFileReference; lastKnownFileType = sourcecode.swift; path = InfoView.swift; sourceTree = "<group>"; };
		243E53E627E1A6CC002C4243 /* Extensions.swift */ = {isa = PBXFileReference; lastKnownFileType = sourcecode.swift; path = Extensions.swift; sourceTree = "<group>"; };
		24D0234D27E1C1A300614739 /* SoundPlayer.swift */ = {isa = PBXFileReference; lastKnownFileType = sourcecode.swift; path = SoundPlayer.swift; sourceTree = "<group>"; };
/* End PBXFileReference section */

/* Begin PBXFrameworksBuildPhase section */
		243E53B327E18CA6002C4243 /* Frameworks */ = {
			isa = PBXFrameworksBuildPhase;
			buildActionMask = 2147483647;
			files = (
			);
			runOnlyForDeploymentPostprocessing = 0;
		};
/* End PBXFrameworksBuildPhase section */

/* Begin PBXGroup section */
		243E53AD27E18CA6002C4243 = {
			isa = PBXGroup;
			children = (
				243E53B827E18CA6002C4243 /* Honeymoon */,
				243E53B727E18CA6002C4243 /* Products */,
			);
			sourceTree = "<group>";
		};
		243E53B727E18CA6002C4243 /* Products */ = {
			isa = PBXGroup;
			children = (
				243E53B627E18CA6002C4243 /* Honeymoon.app */,
			);
			name = Products;
			sourceTree = "<group>";
		};
		243E53B827E18CA6002C4243 /* Honeymoon */ = {
			isa = PBXGroup;
			children = (
				243E53CF27E19196002C4243 /* App */,
				243E53C727E18D09002C4243 /* View */,
				243E53DC27E19A5A002C4243 /* Component */,
				243E53E527E1A6AF002C4243 /* Extension */,
				243E53D027E191E9002C4243 /* Model */,
				243E53D527E19237002C4243 /* Data */,
				24D0234C27E1C19100614739 /* Helper */,
				243E53CE27E1900D002C4243 /* Sound */,
				243E53BF27E18CAA002C4243 /* Preview Content */,
				243E53BD27E18CAA002C4243 /* Assets.xcassets */,
				243E53C827E18DF8002C4243 /* Launch Screen.storyboard */,
			);
			path = Honeymoon;
			sourceTree = "<group>";
		};
		243E53BF27E18CAA002C4243 /* Preview Content */ = {
			isa = PBXGroup;
			children = (
				243E53C027E18CAA002C4243 /* Preview Assets.xcassets */,
			);
			path = "Preview Content";
			sourceTree = "<group>";
		};
		243E53C727E18D09002C4243 /* View */ = {
			isa = PBXGroup;
			children = (
				243E53BB27E18CA6002C4243 /* ContentView.swift */,
				243E53D827E19508002C4243 /* HeaderView.swift */,
				243E53D627E19291002C4243 /* CardView.swift */,
				243E53E327E1A5E6002C4243 /* InfoView.swift */,
				243E53E127E19CF9002C4243 /* GuideView.swift */,
				243E53DA27E19777002C4243 /* FooterView.swift */,
			);
			path = View;
			sourceTree = "<group>";
		};
		243E53CE27E1900D002C4243 /* Sound */ = {
			isa = PBXGroup;
			children = (
				243E53CB27E19007002C4243 /* sound-click.mp3 */,
				243E53CA27E19007002C4243 /* sound-rise.mp3 */,
			);
			path = Sound;
			sourceTree = "<group>";
		};
		243E53CF27E19196002C4243 /* App */ = {
			isa = PBXGroup;
			children = (
				243E53B927E18CA6002C4243 /* HoneymoonApp.swift */,
			);
			path = App;
			sourceTree = "<group>";
		};
		243E53D027E191E9002C4243 /* Model */ = {
			isa = PBXGroup;
			children = (
				243E53D127E191F9002C4243 /* HoneymoonModel.swift */,
			);
			path = Model;
			sourceTree = "<group>";
		};
		243E53D527E19237002C4243 /* Data */ = {
			isa = PBXGroup;
			children = (
				243E53D327E1922C002C4243 /* HoneymoonData.swift */,
			);
			path = Data;
			sourceTree = "<group>";
		};
		243E53DC27E19A5A002C4243 /* Component */ = {
			isa = PBXGroup;
			children = (
				243E53DD27E19A6C002C4243 /* HeaderComponent.swift */,
				243E53DF27E19B05002C4243 /* GuideComponent.swift */,
			);
			path = Component;
			sourceTree = "<group>";
		};
		243E53E527E1A6AF002C4243 /* Extension */ = {
			isa = PBXGroup;
			children = (
				243E53E627E1A6CC002C4243 /* Extensions.swift */,
			);
			path = Extension;
			sourceTree = "<group>";
		};
		24D0234C27E1C19100614739 /* Helper */ = {
			isa = PBXGroup;
			children = (
				24D0234D27E1C1A300614739 /* SoundPlayer.swift */,
			);
			path = Helper;
			sourceTree = "<group>";
		};
/* End PBXGroup section */

/* Begin PBXNativeTarget section */
		243E53B527E18CA6002C4243 /* Honeymoon */ = {
			isa = PBXNativeTarget;
			buildConfigurationList = 243E53C427E18CAA002C4243 /* Build configuration list for PBXNativeTarget "Honeymoon" */;
			buildPhases = (
				243E53B227E18CA6002C4243 /* Sources */,
				243E53B327E18CA6002C4243 /* Frameworks */,
				243E53B427E18CA6002C4243 /* Resources */,
			);
			buildRules = (
			);
			dependencies = (
			);
			name = Honeymoon;
			productName = Honeymoon;
			productReference = 243E53B627E18CA6002C4243 /* Honeymoon.app */;
			productType = "com.apple.product-type.application";
		};
/* End PBXNativeTarget section */

/* Begin PBXProject section */
		243E53AE27E18CA6002C4243 /* Project object */ = {
			isa = PBXProject;
			attributes = {
				BuildIndependentTargetsInParallel = 1;
				LastSwiftUpdateCheck = 1320;
				LastUpgradeCheck = 1320;
				TargetAttributes = {
					243E53B527E18CA6002C4243 = {
						CreatedOnToolsVersion = 13.2.1;
					};
				};
			};
			buildConfigurationList = 243E53B127E18CA6002C4243 /* Build configuration list for PBXProject "Honeymoon" */;
			compatibilityVersion = "Xcode 13.0";
			developmentRegion = en;
			hasScannedForEncodings = 0;
			knownRegions = (
				en,
				Base,
			);
			mainGroup = 243E53AD27E18CA6002C4243;
			productRefGroup = 243E53B727E18CA6002C4243 /* Products */;
			projectDirPath = "";
			projectRoot = "";
			targets = (
				243E53B527E18CA6002C4243 /* Honeymoon */,
			);
		};
/* End PBXProject section */

/* Begin PBXResourcesBuildPhase section */
		243E53B427E18CA6002C4243 /* Resources */ = {
			isa = PBXResourcesBuildPhase;
			buildActionMask = 2147483647;
			files = (
				243E53CD27E19007002C4243 /* sound-click.mp3 in Resources */,
				243E53C927E18DF8002C4243 /* Launch Screen.storyboard in Resources */,
				243E53CC27E19007002C4243 /* sound-rise.mp3 in Resources */,
				243E53C127E18CAA002C4243 /* Preview Assets.xcassets in Resources */,
				243E53BE27E18CAA002C4243 /* Assets.xcassets in Resources */,
			);
			runOnlyForDeploymentPostprocessing = 0;
		};
/* End PBXResourcesBuildPhase section */

/* Begin PBXSourcesBuildPhase section */
		243E53B227E18CA6002C4243 /* Sources */ = {
			isa = PBXSourcesBuildPhase;
			buildActionMask = 2147483647;
			files = (
				24D0234E27E1C1A300614739 /* SoundPlayer.swift in Sources */,
				243E53D427E1922C002C4243 /* HoneymoonData.swift in Sources */,
				243E53E427E1A5E6002C4243 /* InfoView.swift in Sources */,
				243E53DB27E19777002C4243 /* FooterView.swift in Sources */,
				243E53D927E19508002C4243 /* HeaderView.swift in Sources */,
				243E53D227E191F9002C4243 /* HoneymoonModel.swift in Sources */,
				243E53DE27E19A6C002C4243 /* HeaderComponent.swift in Sources */,
				243E53BC27E18CA6002C4243 /* ContentView.swift in Sources */,
				243E53BA27E18CA6002C4243 /* HoneymoonApp.swift in Sources */,
				243E53E727E1A6CC002C4243 /* Extensions.swift in Sources */,
				243E53D727E19291002C4243 /* CardView.swift in Sources */,
				243E53E027E19B05002C4243 /* GuideComponent.swift in Sources */,
				243E53E227E19CF9002C4243 /* GuideView.swift in Sources */,
			);
			runOnlyForDeploymentPostprocessing = 0;
		};
/* End PBXSourcesBuildPhase section */

/* Begin XCBuildConfiguration section */
		243E53C227E18CAA002C4243 /* Debug */ = {
			isa = XCBuildConfiguration;
			buildSettings = {
				ALWAYS_SEARCH_USER_PATHS = NO;
				CLANG_ANALYZER_NONNULL = YES;
				CLANG_ANALYZER_NUMBER_OBJECT_CONVERSION = YES_AGGRESSIVE;
				CLANG_CXX_LANGUAGE_STANDARD = "gnu++17";
				CLANG_CXX_LIBRARY = "libc++";
				CLANG_ENABLE_MODULES = YES;
				CLANG_ENABLE_OBJC_ARC = YES;
				CLANG_ENABLE_OBJC_WEAK = YES;
				CLANG_WARN_BLOCK_CAPTURE_AUTORELEASING = YES;
				CLANG_WARN_BOOL_CONVERSION = YES;
				CLANG_WARN_COMMA = YES;
				CLANG_WARN_CONSTANT_CONVERSION = YES;
				CLANG_WARN_DEPRECATED_OBJC_IMPLEMENTATIONS = YES;
				CLANG_WARN_DIRECT_OBJC_ISA_USAGE = YES_ERROR;
				CLANG_WARN_DOCUMENTATION_COMMENTS = YES;
				CLANG_WARN_EMPTY_BODY = YES;
				CLANG_WARN_ENUM_CONVERSION = YES;
				CLANG_WARN_INFINITE_RECURSION = YES;
				CLANG_WARN_INT_CONVERSION = YES;
				CLANG_WARN_NON_LITERAL_NULL_CONVERSION = YES;
				CLANG_WARN_OBJC_IMPLICIT_RETAIN_SELF = YES;
				CLANG_WARN_OBJC_LITERAL_CONVERSION = YES;
				CLANG_WARN_OBJC_ROOT_CLASS = YES_ERROR;
				CLANG_WARN_QUOTED_INCLUDE_IN_FRAMEWORK_HEADER = YES;
				CLANG_WARN_RANGE_LOOP_ANALYSIS = YES;
				CLANG_WARN_STRICT_PROTOTYPES = YES;
				CLANG_WARN_SUSPICIOUS_MOVE = YES;
				CLANG_WARN_UNGUARDED_AVAILABILITY = YES_AGGRESSIVE;
				CLANG_WARN_UNREACHABLE_CODE = YES;
				CLANG_WARN__DUPLICATE_METHOD_MATCH = YES;
				COPY_PHASE_STRIP = NO;
				DEBUG_INFORMATION_FORMAT = dwarf;
				ENABLE_STRICT_OBJC_MSGSEND = YES;
				ENABLE_TESTABILITY = YES;
				GCC_C_LANGUAGE_STANDARD = gnu11;
				GCC_DYNAMIC_NO_PIC = NO;
				GCC_NO_COMMON_BLOCKS = YES;
				GCC_OPTIMIZATION_LEVEL = 0;
				GCC_PREPROCESSOR_DEFINITIONS = (
					"DEBUG=1",
					"$(inherited)",
				);
				GCC_WARN_64_TO_32_BIT_CONVERSION = YES;
				GCC_WARN_ABOUT_RETURN_TYPE = YES_ERROR;
				GCC_WARN_UNDECLARED_SELECTOR = YES;
				GCC_WARN_UNINITIALIZED_AUTOS = YES_AGGRESSIVE;
				GCC_WARN_UNUSED_FUNCTION = YES;
				GCC_WARN_UNUSED_VARIABLE = YES;
				IPHONEOS_DEPLOYMENT_TARGET = 15.2;
				MTL_ENABLE_DEBUG_INFO = INCLUDE_SOURCE;
				MTL_FAST_MATH = YES;
				ONLY_ACTIVE_ARCH = YES;
				SDKROOT = iphoneos;
				SWIFT_ACTIVE_COMPILATION_CONDITIONS = DEBUG;
				SWIFT_OPTIMIZATION_LEVEL = "-Onone";
			};
			name = Debug;
		};
		243E53C327E18CAA002C4243 /* Release */ = {
			isa = XCBuildConfiguration;
			buildSettings = {
				ALWAYS_SEARCH_USER_PATHS = NO;
				CLANG_ANALYZER_NONNULL = YES;
				CLANG_ANALYZER_NUMBER_OBJECT_CONVERSION = YES_AGGRESSIVE;
				CLANG_CXX_LANGUAGE_STANDARD = "gnu++17";
				CLANG_CXX_LIBRARY = "libc++";
				CLANG_ENABLE_MODULES = YES;
				CLANG_ENABLE_OBJC_ARC = YES;
				CLANG_ENABLE_OBJC_WEAK = YES;
				CLANG_WARN_BLOCK_CAPTURE_AUTORELEASING = YES;
				CLANG_WARN_BOOL_CONVERSION = YES;
				CLANG_WARN_COMMA = YES;
				CLANG_WARN_CONSTANT_CONVERSION = YES;
				CLANG_WARN_DEPRECATED_OBJC_IMPLEMENTATIONS = YES;
				CLANG_WARN_DIRECT_OBJC_ISA_USAGE = YES_ERROR;
				CLANG_WARN_DOCUMENTATION_COMMENTS = YES;
				CLANG_WARN_EMPTY_BODY = YES;
				CLANG_WARN_ENUM_CONVERSION = YES;
				CLANG_WARN_INFINITE_RECURSION = YES;
				CLANG_WARN_INT_CONVERSION = YES;
				CLANG_WARN_NON_LITERAL_NULL_CONVERSION = YES;
				CLANG_WARN_OBJC_IMPLICIT_RETAIN_SELF = YES;
				CLANG_WARN_OBJC_LITERAL_CONVERSION = YES;
				CLANG_WARN_OBJC_ROOT_CLASS = YES_ERROR;
				CLANG_WARN_QUOTED_INCLUDE_IN_FRAMEWORK_HEADER = YES;
				CLANG_WARN_RANGE_LOOP_ANALYSIS = YES;
				CLANG_WARN_STRICT_PROTOTYPES = YES;
				CLANG_WARN_SUSPICIOUS_MOVE = YES;
				CLANG_WARN_UNGUARDED_AVAILABILITY = YES_AGGRESSIVE;
				CLANG_WARN_UNREACHABLE_CODE = YES;
				CLANG_WARN__DUPLICATE_METHOD_MATCH = YES;
				COPY_PHASE_STRIP = NO;
				DEBUG_INFORMATION_FORMAT = "dwarf-with-dsym";
				ENABLE_NS_ASSERTIONS = NO;
				ENABLE_STRICT_OBJC_MSGSEND = YES;
				GCC_C_LANGUAGE_STANDARD = gnu11;
				GCC_NO_COMMON_BLOCKS = YES;
				GCC_WARN_64_TO_32_BIT_CONVERSION = YES;
				GCC_WARN_ABOUT_RETURN_TYPE = YES_ERROR;
				GCC_WARN_UNDECLARED_SELECTOR = YES;
				GCC_WARN_UNINITIALIZED_AUTOS = YES_AGGRESSIVE;
				GCC_WARN_UNUSED_FUNCTION = YES;
				GCC_WARN_UNUSED_VARIABLE = YES;
				IPHONEOS_DEPLOYMENT_TARGET = 15.2;
				MTL_ENABLE_DEBUG_INFO = NO;
				MTL_FAST_MATH = YES;
				SDKROOT = iphoneos;
				SWIFT_COMPILATION_MODE = wholemodule;
				SWIFT_OPTIMIZATION_LEVEL = "-O";
				VALIDATE_PRODUCT = YES;
			};
			name = Release;
		};
		243E53C527E18CAA002C4243 /* Debug */ = {
			isa = XCBuildConfiguration;
			buildSettings = {
				ASSETCATALOG_COMPILER_APPICON_NAME = AppIcon;
				ASSETCATALOG_COMPILER_GLOBAL_ACCENT_COLOR_NAME = AccentColor;
				CODE_SIGN_STYLE = Automatic;
				CURRENT_PROJECT_VERSION = 1;
				DEVELOPMENT_ASSET_PATHS = "\"Honeymoon/Preview Content\"";
				DEVELOPMENT_TEAM = PP55FS799T;
				ENABLE_PREVIEWS = YES;
				GENERATE_INFOPLIST_FILE = YES;
				INFOPLIST_KEY_UIApplicationSceneManifest_Generation = YES;
				INFOPLIST_KEY_UIApplicationSupportsIndirectInputEvents = YES;
				INFOPLIST_KEY_UILaunchStoryboardName = "Launch Screen";
				INFOPLIST_KEY_UISupportedInterfaceOrientations_iPad = "UIInterfaceOrientationPortrait UIInterfaceOrientationPortraitUpsideDown UIInterfaceOrientationLandscapeLeft UIInterfaceOrientationLandscapeRight";
				INFOPLIST_KEY_UISupportedInterfaceOrientations_iPhone = UIInterfaceOrientationPortrait;
				LD_RUNPATH_SEARCH_PATHS = (
					"$(inherited)",
					"@executable_path/Frameworks",
				);
				MARKETING_VERSION = 1.0;
				PRODUCT_BUNDLE_IDENTIFIER = com.moralesmicaella.Honeymoon;
				PRODUCT_NAME = "$(TARGET_NAME)";
				SWIFT_EMIT_LOC_STRINGS = YES;
				SWIFT_VERSION = 5.0;
				TARGETED_DEVICE_FAMILY = "1,2";
			};
			name = Debug;
		};
		243E53C627E18CAA002C4243 /* Release */ = {
			isa = XCBuildConfiguration;
			buildSettings = {
				ASSETCATALOG_COMPILER_APPICON_NAME = AppIcon;
				ASSETCATALOG_COMPILER_GLOBAL_ACCENT_COLOR_NAME = AccentColor;
				CODE_SIGN_STYLE = Automatic;
				CURRENT_PROJECT_VERSION = 1;
				DEVELOPMENT_ASSET_PATHS = "\"Honeymoon/Preview Content\"";
				DEVELOPMENT_TEAM = PP55FS799T;
				ENABLE_PREVIEWS = YES;
				GENERATE_INFOPLIST_FILE = YES;
				INFOPLIST_KEY_UIApplicationSceneManifest_Generation = YES;
				INFOPLIST_KEY_UIApplicationSupportsIndirectInputEvents = YES;
				INFOPLIST_KEY_UILaunchStoryboardName = "Launch Screen";
				INFOPLIST_KEY_UISupportedInterfaceOrientations_iPad = "UIInterfaceOrientationPortrait UIInterfaceOrientationPortraitUpsideDown UIInterfaceOrientationLandscapeLeft UIInterfaceOrientationLandscapeRight";
				INFOPLIST_KEY_UISupportedInterfaceOrientations_iPhone = UIInterfaceOrientationPortrait;
				LD_RUNPATH_SEARCH_PATHS = (
					"$(inherited)",
					"@executable_path/Frameworks",
				);
				MARKETING_VERSION = 1.0;
				PRODUCT_BUNDLE_IDENTIFIER = com.moralesmicaella.Honeymoon;
				PRODUCT_NAME = "$(TARGET_NAME)";
				SWIFT_EMIT_LOC_STRINGS = YES;
				SWIFT_VERSION = 5.0;
				TARGETED_DEVICE_FAMILY = "1,2";
			};
			name = Release;
		};
/* End XCBuildConfiguration section */

/* Begin XCConfigurationList section */
		243E53B127E18CA6002C4243 /* Build configuration list for PBXProject "Honeymoon" */ = {
			isa = XCConfigurationList;
			buildConfigurations = (
				243E53C227E18CAA002C4243 /* Debug */,
				243E53C327E18CAA002C4243 /* Release */,
			);
			defaultConfigurationIsVisible = 0;
			defaultConfigurationName = Release;
		};
		243E53C427E18CAA002C4243 /* Build configuration list for PBXNativeTarget "Honeymoon" */ = {
			isa = XCConfigurationList;
			buildConfigurations = (
				243E53C527E18CAA002C4243 /* Debug */,
				243E53C627E18CAA002C4243 /* Release */,
			);
			defaultConfigurationIsVisible = 0;
			defaultConfigurationName = Release;
		};
/* End XCConfigurationList section */
	};
	rootObject = 243E53AE27E18CA6002C4243 /* Project object */;
}
